// !$*UTF8*$!
{
	archiveVersion = 1;
	classes = {
	};
	objectVersion = 48;
	objects = {

/* Begin PBXBuildFile section */
		0789965820639C2700875068 /* AppDelegate.m in Sources */ = {isa = PBXBuildFile; fileRef = 0789965720639C2700875068 /* AppDelegate.m */; };
		0789965B20639C2700875068 /* ViewController.m in Sources */ = {isa = PBXBuildFile; fileRef = 0789965A20639C2700875068 /* ViewController.m */; };
		0789965E20639C2700875068 /* Main.storyboard in Resources */ = {isa = PBXBuildFile; fileRef = 0789965C20639C2700875068 /* Main.storyboard */; };
		0789966020639C2700875068 /* Assets.xcassets in Resources */ = {isa = PBXBuildFile; fileRef = 0789965F20639C2700875068 /* Assets.xcassets */; };
		0789966320639C2700875068 /* LaunchScreen.storyboard in Resources */ = {isa = PBXBuildFile; fileRef = 0789966120639C2700875068 /* LaunchScreen.storyboard */; };
		0789966620639C2700875068 /* main.m in Sources */ = {isa = PBXBuildFile; fileRef = 0789966520639C2700875068 /* main.m */; };
		0789967020639C2700875068 /* ZJSBreakpointDownloadDemoTests.m in Sources */ = {isa = PBXBuildFile; fileRef = 0789966F20639C2700875068 /* ZJSBreakpointDownloadDemoTests.m */; };
		0789968B2063AAB000875068 /* ZJSDownloadTask.m in Sources */ = {isa = PBXBuildFile; fileRef = 078996892063AAB000875068 /* ZJSDownloadTask.m */; };
		0789968C2063AAB000875068 /* ZJSBreakpointDownload.m in Sources */ = {isa = PBXBuildFile; fileRef = 0789968A2063AAB000875068 /* ZJSBreakpointDownload.m */; };
/* End PBXBuildFile section */

/* Begin PBXContainerItemProxy section */
		0789966C20639C2700875068 /* PBXContainerItemProxy */ = {
			isa = PBXContainerItemProxy;
			containerPortal = 0789964B20639C2700875068 /* Project object */;
			proxyType = 1;
			remoteGlobalIDString = 0789965220639C2700875068;
			remoteInfo = ZJSBreakpointDownloadDemo;
		};
/* End PBXContainerItemProxy section */

/* Begin PBXFileReference section */
		0789965320639C2700875068 /* ZJSBreakpointDownloadDemo.app */ = {isa = PBXFileReference; explicitFileType = wrapper.application; includeInIndex = 0; path = ZJSBreakpointDownloadDemo.app; sourceTree = BUILT_PRODUCTS_DIR; };
		0789965620639C2700875068 /* AppDelegate.h */ = {isa = PBXFileReference; lastKnownFileType = sourcecode.c.h; path = AppDelegate.h; sourceTree = "<group>"; };
		0789965720639C2700875068 /* AppDelegate.m */ = {isa = PBXFileReference; lastKnownFileType = sourcecode.c.objc; path = AppDelegate.m; sourceTree = "<group>"; };
		0789965920639C2700875068 /* ViewController.h */ = {isa = PBXFileReference; lastKnownFileType = sourcecode.c.h; path = ViewController.h; sourceTree = "<group>"; };
		0789965A20639C2700875068 /* ViewController.m */ = {isa = PBXFileReference; lastKnownFileType = sourcecode.c.objc; path = ViewController.m; sourceTree = "<group>"; };
		0789965D20639C2700875068 /* Base */ = {isa = PBXFileReference; lastKnownFileType = file.storyboard; name = Base; path = Base.lproj/Main.storyboard; sourceTree = "<group>"; };
		0789965F20639C2700875068 /* Assets.xcassets */ = {isa = PBXFileReference; lastKnownFileType = folder.assetcatalog; path = Assets.xcassets; sourceTree = "<group>"; };
		0789966220639C2700875068 /* Base */ = {isa = PBXFileReference; lastKnownFileType = file.storyboard; name = Base; path = Base.lproj/LaunchScreen.storyboard; sourceTree = "<group>"; };
		0789966420639C2700875068 /* Info.plist */ = {isa = PBXFileReference; lastKnownFileType = text.plist.xml; path = Info.plist; sourceTree = "<group>"; };
		0789966520639C2700875068 /* main.m */ = {isa = PBXFileReference; lastKnownFileType = sourcecode.c.objc; path = main.m; sourceTree = "<group>"; };
		0789966B20639C2700875068 /* ZJSBreakpointDownloadDemoTests.xctest */ = {isa = PBXFileReference; explicitFileType = wrapper.cfbundle; includeInIndex = 0; path = ZJSBreakpointDownloadDemoTests.xctest; sourceTree = BUILT_PRODUCTS_DIR; };
		0789966F20639C2700875068 /* ZJSBreakpointDownloadDemoTests.m */ = {isa = PBXFileReference; lastKnownFileType = sourcecode.c.objc; path = ZJSBreakpointDownloadDemoTests.m; sourceTree = "<group>"; };
		0789967120639C2700875068 /* Info.plist */ = {isa = PBXFileReference; lastKnownFileType = text.plist.xml; path = Info.plist; sourceTree = "<group>"; };
		078996872063AAB000875068 /* ZJSBreakpointDownload.h */ = {isa = PBXFileReference; fileEncoding = 4; lastKnownFileType = sourcecode.c.h; path = ZJSBreakpointDownload.h; sourceTree = "<group>"; };
		078996882063AAB000875068 /* ZJSDownloadTask.h */ = {isa = PBXFileReference; fileEncoding = 4; lastKnownFileType = sourcecode.c.h; path = ZJSDownloadTask.h; sourceTree = "<group>"; };
		078996892063AAB000875068 /* ZJSDownloadTask.m */ = {isa = PBXFileReference; fileEncoding = 4; lastKnownFileType = sourcecode.c.objc; path = ZJSDownloadTask.m; sourceTree = "<group>"; };
		0789968A2063AAB000875068 /* ZJSBreakpointDownload.m */ = {isa = PBXFileReference; fileEncoding = 4; lastKnownFileType = sourcecode.c.objc; path = ZJSBreakpointDownload.m; sourceTree = "<group>"; };
/* End PBXFileReference section */

/* Begin PBXFrameworksBuildPhase section */
		0789965020639C2700875068 /* Frameworks */ = {
			isa = PBXFrameworksBuildPhase;
			buildActionMask = 2147483647;
			files = (
			);
			runOnlyForDeploymentPostprocessing = 0;
		};
		0789966820639C2700875068 /* Frameworks */ = {
			isa = PBXFrameworksBuildPhase;
			buildActionMask = 2147483647;
			files = (
			);
			runOnlyForDeploymentPostprocessing = 0;
		};
/* End PBXFrameworksBuildPhase section */

/* Begin PBXGroup section */
		0789964A20639C2700875068 = {
			isa = PBXGroup;
			children = (
				078996862063AAB000875068 /* ZJSBreakPointDownload */,
				0789965520639C2700875068 /* ZJSBreakpointDownloadDemo */,
				0789966E20639C2700875068 /* ZJSBreakpointDownloadDemoTests */,
				0789965420639C2700875068 /* Products */,
			);
			sourceTree = "<group>";
		};
		0789965420639C2700875068 /* Products */ = {
			isa = PBXGroup;
			children = (
				0789965320639C2700875068 /* ZJSBreakpointDownloadDemo.app */,
				0789966B20639C2700875068 /* ZJSBreakpointDownloadDemoTests.xctest */,
			);
			name = Products;
			sourceTree = "<group>";
		};
		0789965520639C2700875068 /* ZJSBreakpointDownloadDemo */ = {
			isa = PBXGroup;
			children = (
				0789965620639C2700875068 /* AppDelegate.h */,
				0789965720639C2700875068 /* AppDelegate.m */,
				0789965920639C2700875068 /* ViewController.h */,
				0789965A20639C2700875068 /* ViewController.m */,
				0789965C20639C2700875068 /* Main.storyboard */,
				0789965F20639C2700875068 /* Assets.xcassets */,
				0789966120639C2700875068 /* LaunchScreen.storyboard */,
				0789966420639C2700875068 /* Info.plist */,
				0789966520639C2700875068 /* main.m */,
			);
			path = ZJSBreakpointDownloadDemo;
			sourceTree = "<group>";
		};
		0789966E20639C2700875068 /* ZJSBreakpointDownloadDemoTests */ = {
			isa = PBXGroup;
			children = (
				0789966F20639C2700875068 /* ZJSBreakpointDownloadDemoTests.m */,
				0789967120639C2700875068 /* Info.plist */,
			);
			path = ZJSBreakpointDownloadDemoTests;
			sourceTree = "<group>";
		};
		078996862063AAB000875068 /* ZJSBreakPointDownload */ = {
			isa = PBXGroup;
			children = (
				078996872063AAB000875068 /* ZJSBreakpointDownload.h */,
				078996882063AAB000875068 /* ZJSDownloadTask.h */,
				078996892063AAB000875068 /* ZJSDownloadTask.m */,
				0789968A2063AAB000875068 /* ZJSBreakpointDownload.m */,
			);
			name = ZJSBreakPointDownload;
			path = ../ZJSBreakPointDownload;
			sourceTree = "<group>";
		};
/* End PBXGroup section */

/* Begin PBXNativeTarget section */
		0789965220639C2700875068 /* ZJSBreakpointDownloadDemo */ = {
			isa = PBXNativeTarget;
			buildConfigurationList = 0789967420639C2700875068 /* Build configuration list for PBXNativeTarget "ZJSBreakpointDownloadDemo" */;
			buildPhases = (
				0789964F20639C2700875068 /* Sources */,
				0789965020639C2700875068 /* Frameworks */,
				0789965120639C2700875068 /* Resources */,
			);
			buildRules = (
			);
			dependencies = (
			);
			name = ZJSBreakpointDownloadDemo;
			productName = ZJSBreakpointDownloadDemo;
			productReference = 0789965320639C2700875068 /* ZJSBreakpointDownloadDemo.app */;
			productType = "com.apple.product-type.application";
		};
		0789966A20639C2700875068 /* ZJSBreakpointDownloadDemoTests */ = {
			isa = PBXNativeTarget;
			buildConfigurationList = 0789967720639C2700875068 /* Build configuration list for PBXNativeTarget "ZJSBreakpointDownloadDemoTests" */;
			buildPhases = (
				0789966720639C2700875068 /* Sources */,
				0789966820639C2700875068 /* Frameworks */,
				0789966920639C2700875068 /* Resources */,
			);
			buildRules = (
			);
			dependencies = (
				0789966D20639C2700875068 /* PBXTargetDependency */,
			);
			name = ZJSBreakpointDownloadDemoTests;
			productName = ZJSBreakpointDownloadDemoTests;
			productReference = 0789966B20639C2700875068 /* ZJSBreakpointDownloadDemoTests.xctest */;
			productType = "com.apple.product-type.bundle.unit-test";
		};
/* End PBXNativeTarget section */

/* Begin PBXProject section */
		0789964B20639C2700875068 /* Project object */ = {
			isa = PBXProject;
			attributes = {
				LastUpgradeCheck = 0920;
				ORGANIZATIONNAME = mxrcorp;
				TargetAttributes = {
					0789965220639C2700875068 = {
						CreatedOnToolsVersion = 9.2;
						ProvisioningStyle = Automatic;
					};
					0789966A20639C2700875068 = {
						CreatedOnToolsVersion = 9.2;
						ProvisioningStyle = Automatic;
						TestTargetID = 0789965220639C2700875068;
					};
				};
			};
			buildConfigurationList = 0789964E20639C2700875068 /* Build configuration list for PBXProject "ZJSBreakpointDownloadDemo" */;
			compatibilityVersion = "Xcode 8.0";
			developmentRegion = en;
			hasScannedForEncodings = 0;
			knownRegions = (
				en,
				Base,
			);
			mainGroup = 0789964A20639C2700875068;
			productRefGroup = 0789965420639C2700875068 /* Products */;
			projectDirPath = "";
			projectRoot = "";
			targets = (
				0789965220639C2700875068 /* ZJSBreakpointDownloadDemo */,
				0789966A20639C2700875068 /* ZJSBreakpointDownloadDemoTests */,
			);
		};
/* End PBXProject section */

/* Begin PBXResourcesBuildPhase section */
		0789965120639C2700875068 /* Resources */ = {
			isa = PBXResourcesBuildPhase;
			buildActionMask = 2147483647;
			files = (
				0789966320639C2700875068 /* LaunchScreen.storyboard in Resources */,
				0789966020639C2700875068 /* Assets.xcassets in Resources */,
				0789965E20639C2700875068 /* Main.storyboard in Resources */,
			);
			runOnlyForDeploymentPostprocessing = 0;
		};
		0789966920639C2700875068 /* Resources */ = {
			isa = PBXResourcesBuildPhase;
			buildActionMask = 2147483647;
			files = (
			);
			runOnlyForDeploymentPostprocessing = 0;
		};
/* End PBXResourcesBuildPhase section */

/* Begin PBXSourcesBuildPhase section */
		0789964F20639C2700875068 /* Sources */ = {
			isa = PBXSourcesBuildPhase;
			buildActionMask = 2147483647;
			files = (
				0789965B20639C2700875068 /* ViewController.m in Sources */,
				0789966620639C2700875068 /* main.m in Sources */,
				0789968B2063AAB000875068 /* ZJSDownloadTask.m in Sources */,
				0789968C2063AAB000875068 /* ZJSBreakpointDownload.m in Sources */,
				0789965820639C2700875068 /* AppDelegate.m in Sources */,
			);
			runOnlyForDeploymentPostprocessing = 0;
		};
		0789966720639C2700875068 /* Sources */ = {
			isa = PBXSourcesBuildPhase;
			buildActionMask = 2147483647;
			files = (
				0789967020639C2700875068 /* ZJSBreakpointDownloadDemoTests.m in Sources */,
			);
			runOnlyForDeploymentPostprocessing = 0;
		};
/* End PBXSourcesBuildPhase section */

/* Begin PBXTargetDependency section */
		0789966D20639C2700875068 /* PBXTargetDependency */ = {
			isa = PBXTargetDependency;
			target = 0789965220639C2700875068 /* ZJSBreakpointDownloadDemo */;
			targetProxy = 0789966C20639C2700875068 /* PBXContainerItemProxy */;
		};
/* End PBXTargetDependency section */

/* Begin PBXVariantGroup section */
		0789965C20639C2700875068 /* Main.storyboard */ = {
			isa = PBXVariantGroup;
			children = (
				0789965D20639C2700875068 /* Base */,
			);
			name = Main.storyboard;
			sourceTree = "<group>";
		};
		0789966120639C2700875068 /* LaunchScreen.storyboard */ = {
			isa = PBXVariantGroup;
			children = (
				0789966220639C2700875068 /* Base */,
			);
			name = LaunchScreen.storyboard;
			sourceTree = "<group>";
		};
/* End PBXVariantGroup section */

/* Begin XCBuildConfiguration section */
		0789967220639C2700875068 /* Debug */ = {
			isa = XCBuildConfiguration;
			buildSettings = {
				ALWAYS_SEARCH_USER_PATHS = NO;
				CLANG_ANALYZER_NONNULL = YES;
				CLANG_ANALYZER_NUMBER_OBJECT_CONVERSION = YES_AGGRESSIVE;
				CLANG_CXX_LANGUAGE_STANDARD = "gnu++14";
				CLANG_CXX_LIBRARY = "libc++";
				CLANG_ENABLE_MODULES = YES;
				CLANG_ENABLE_OBJC_ARC = YES;
				CLANG_WARN_BLOCK_CAPTURE_AUTORELEASING = YES;
				CLANG_WARN_BOOL_CONVERSION = YES;
				CLANG_WARN_COMMA = YES;
				CLANG_WARN_CONSTANT_CONVERSION = YES;
				CLANG_WARN_DIRECT_OBJC_ISA_USAGE = YES_ERROR;
				CLANG_WARN_DOCUMENTATION_COMMENTS = YES;
				CLANG_WARN_EMPTY_BODY = YES;
				CLANG_WARN_ENUM_CONVERSION = YES;
				CLANG_WARN_INFINITE_RECURSION = YES;
				CLANG_WARN_INT_CONVERSION = YES;
				CLANG_WARN_NON_LITERAL_NULL_CONVERSION = YES;
				CLANG_WARN_OBJC_LITERAL_CONVERSION = YES;
				CLANG_WARN_OBJC_ROOT_CLASS = YES_ERROR;
				CLANG_WARN_RANGE_LOOP_ANALYSIS = YES;
				CLANG_WARN_STRICT_PROTOTYPES = YES;
				CLANG_WARN_SUSPICIOUS_MOVE = YES;
				CLANG_WARN_UNGUARDED_AVAILABILITY = YES_AGGRESSIVE;
				CLANG_WARN_UNREACHABLE_CODE = YES;
				CLANG_WARN__DUPLICATE_METHOD_MATCH = YES;
				CODE_SIGN_IDENTITY = "iPhone Developer";
				COPY_PHASE_STRIP = NO;
				DEBUG_INFORMATION_FORMAT = dwarf;
				ENABLE_STRICT_OBJC_MSGSEND = YES;
				ENABLE_TESTABILITY = YES;
				GCC_C_LANGUAGE_STANDARD = gnu11;
				GCC_DYNAMIC_NO_PIC = NO;
				GCC_NO_COMMON_BLOCKS = YES;
				GCC_OPTIMIZATION_LEVEL = 0;
				GCC_PREPROCESSOR_DEFINITIONS = (
					"DEBUG=1",
					"$(inherited)",
				);
				GCC_WARN_64_TO_32_BIT_CONVERSION = YES;
				GCC_WARN_ABOUT_RETURN_TYPE = YES_ERROR;
				GCC_WARN_UNDECLARED_SELECTOR = YES;
				GCC_WARN_UNINITIALIZED_AUTOS = YES_AGGRESSIVE;
				GCC_WARN_UNUSED_FUNCTION = YES;
				GCC_WARN_UNUSED_VARIABLE = YES;
				IPHONEOS_DEPLOYMENT_TARGET = 11.2;
				MTL_ENABLE_DEBUG_INFO = YES;
				ONLY_ACTIVE_ARCH = YES;
				SDKROOT = iphoneos;
			};
			name = Debug;
		};
		0789967320639C2700875068 /* Release */ = {
			isa = XCBuildConfiguration;
			buildSettings = {
				ALWAYS_SEARCH_USER_PATHS = NO;
				CLANG_ANALYZER_NONNULL = YES;
				CLANG_ANALYZER_NUMBER_OBJECT_CONVERSION = YES_AGGRESSIVE;
				CLANG_CXX_LANGUAGE_STANDARD = "gnu++14";
				CLANG_CXX_LIBRARY = "libc++";
				CLANG_ENABLE_MODULES = YES;
				CLANG_ENABLE_OBJC_ARC = YES;
				CLANG_WARN_BLOCK_CAPTURE_AUTORELEASING = YES;
				CLANG_WARN_BOOL_CONVERSION = YES;
				CLANG_WARN_COMMA = YES;
				CLANG_WARN_CONSTANT_CONVERSION = YES;
				CLANG_WARN_DIRECT_OBJC_ISA_USAGE = YES_ERROR;
				CLANG_WARN_DOCUMENTATION_COMMENTS = YES;
				CLANG_WARN_EMPTY_BODY = YES;
				CLANG_WARN_ENUM_CONVERSION = YES;
				CLANG_WARN_INFINITE_RECURSION = YES;
				CLANG_WARN_INT_CONVERSION = YES;
				CLANG_WARN_NON_LITERAL_NULL_CONVERSION = YES;
				CLANG_WARN_OBJC_LITERAL_CONVERSION = YES;
				CLANG_WARN_OBJC_ROOT_CLASS = YES_ERROR;
				CLANG_WARN_RANGE_LOOP_ANALYSIS = YES;
				CLANG_WARN_STRICT_PROTOTYPES = YES;
				CLANG_WARN_SUSPICIOUS_MOVE = YES;
				CLANG_WARN_UNGUARDED_AVAILABILITY = YES_AGGRESSIVE;
				CLANG_WARN_UNREACHABLE_CODE = YES;
				CLANG_WARN__DUPLICATE_METHOD_MATCH = YES;
				CODE_SIGN_IDENTITY = "iPhone Developer";
				COPY_PHASE_STRIP = NO;
				DEBUG_INFORMATION_FORMAT = "dwarf-with-dsym";
				ENABLE_NS_ASSERTIONS = NO;
				ENABLE_STRICT_OBJC_MSGSEND = YES;
				GCC_C_LANGUAGE_STANDARD = gnu11;
				GCC_NO_COMMON_BLOCKS = YES;
				GCC_WARN_64_TO_32_BIT_CONVERSION = YES;
				GCC_WARN_ABOUT_RETURN_TYPE = YES_ERROR;
				GCC_WARN_UNDECLARED_SELECTOR = YES;
				GCC_WARN_UNINITIALIZED_AUTOS = YES_AGGRESSIVE;
				GCC_WARN_UNUSED_FUNCTION = YES;
				GCC_WARN_UNUSED_VARIABLE = YES;
				IPHONEOS_DEPLOYMENT_TARGET = 11.2;
				MTL_ENABLE_DEBUG_INFO = NO;
				SDKROOT = iphoneos;
				VALIDATE_PRODUCT = YES;
			};
			name = Release;
		};
		0789967520639C2700875068 /* Debug */ = {
			isa = XCBuildConfiguration;
			buildSettings = {
				ASSETCATALOG_COMPILER_APPICON_NAME = AppIcon;
				CODE_SIGN_STYLE = Automatic;
				DEVELOPMENT_TEAM = F5528RZC7Y;
				INFOPLIST_FILE = ZJSBreakpointDownloadDemo/Info.plist;
				LD_RUNPATH_SEARCH_PATHS = "$(inherited) @executable_path/Frameworks";
				PRODUCT_BUNDLE_IDENTIFIER = MXR.ZJSBreakpointDownloadDemo;
				PRODUCT_NAME = "$(TARGET_NAME)";
				TARGETED_DEVICE_FAMILY = "1,2";
			};
			name = Debug;
		};
		0789967620639C2700875068 /* Release */ = {
			isa = XCBuildConfiguration;
			buildSettings = {
				ASSETCATALOG_COMPILER_APPICON_NAME = AppIcon;
				CODE_SIGN_STYLE = Automatic;
				DEVELOPMENT_TEAM = F5528RZC7Y;
				INFOPLIST_FILE = ZJSBreakpointDownloadDemo/Info.plist;
				LD_RUNPATH_SEARCH_PATHS = "$(inherited) @executable_path/Frameworks";
				PRODUCT_BUNDLE_IDENTIFIER = MXR.ZJSBreakpointDownloadDemo;
				PRODUCT_NAME = "$(TARGET_NAME)";
				TARGETED_DEVICE_FAMILY = "1,2";
			};
			name = Release;
		};
		0789967820639C2700875068 /* Debug */ = {
			isa = XCBuildConfiguration;
			buildSettings = {
				BUNDLE_LOADER = "$(TEST_HOST)";
				CODE_SIGN_STYLE = Automatic;
				DEVELOPMENT_TEAM = F5528RZC7Y;
				INFOPLIST_FILE = ZJSBreakpointDownloadDemoTests/Info.plist;
				LD_RUNPATH_SEARCH_PATHS = "$(inherited) @executable_path/Frameworks @loader_path/Frameworks";
				PRODUCT_BUNDLE_IDENTIFIER = MXR.ZJSBreakpointDownloadDemoTests;
				PRODUCT_NAME = "$(TARGET_NAME)";
				TARGETED_DEVICE_FAMILY = "1,2";
				TEST_HOST = "$(BUILT_PRODUCTS_DIR)/ZJSBreakpointDownloadDemo.app/ZJSBreakpointDownloadDemo";
			};
			name = Debug;
		};
		0789967920639C2700875068 /* Release */ = {
			isa = XCBuildConfiguration;
			buildSettings = {
				BUNDLE_LOADER = "$(TEST_HOST)";
				CODE_SIGN_STYLE = Automatic;
				DEVELOPMENT_TEAM = F5528RZC7Y;
				INFOPLIST_FILE = ZJSBreakpointDownloadDemoTests/Info.plist;
				LD_RUNPATH_SEARCH_PATHS = "$(inherited) @executable_path/Frameworks @loader_path/Frameworks";
				PRODUCT_BUNDLE_IDENTIFIER = MXR.ZJSBreakpointDownloadDemoTests;
				PRODUCT_NAME = "$(TARGET_NAME)";
				TARGETED_DEVICE_FAMILY = "1,2";
				TEST_HOST = "$(BUILT_PRODUCTS_DIR)/ZJSBreakpointDownloadDemo.app/ZJSBreakpointDownloadDemo";
			};
			name = Release;
		};
/* End XCBuildConfiguration section */

/* Begin XCConfigurationList section */
		0789964E20639C2700875068 /* Build configuration list for PBXProject "ZJSBreakpointDownloadDemo" */ = {
			isa = XCConfigurationList;
			buildConfigurations = (
				0789967220639C2700875068 /* Debug */,
				0789967320639C2700875068 /* Release */,
			);
			defaultConfigurationIsVisible = 0;
			defaultConfigurationName = Release;
		};
		0789967420639C2700875068 /* Build configuration list for PBXNativeTarget "ZJSBreakpointDownloadDemo" */ = {
			isa = XCConfigurationList;
			buildConfigurations = (
				0789967520639C2700875068 /* Debug */,
				0789967620639C2700875068 /* Release */,
			);
			defaultConfigurationIsVisible = 0;
			defaultConfigurationName = Release;
		};
		0789967720639C2700875068 /* Build configuration list for PBXNativeTarget "ZJSBreakpointDownloadDemoTests" */ = {
			isa = XCConfigurationList;
			buildConfigurations = (
				0789967820639C2700875068 /* Debug */,
				0789967920639C2700875068 /* Release */,
			);
			defaultConfigurationIsVisible = 0;
			defaultConfigurationName = Release;
		};
/* End XCConfigurationList section */
	};
	rootObject = 0789964B20639C2700875068 /* Project object */;
}
